version = 1
requires-python = ">=3.12"

[[package]]
name = "cython"
version = "3.0.11"
source = { registry = "https://pypi.org/simple" }
sdist = { url = "https://files.pythonhosted.org/packages/84/4d/b720d6000f4ca77f030bd70f12550820f0766b568e43f11af7f7ad9061aa/cython-3.0.11.tar.gz", hash = "sha256:7146dd2af8682b4ca61331851e6aebce9fe5158e75300343f80c07ca80b1faff", size = 2755544 }
wheels = [
    { url = "https://files.pythonhosted.org/packages/58/50/fbb23239efe2183e4eaf76689270d6f5b3bbcf9be9ad1eb97cc34349e6fc/Cython-3.0.11-cp312-cp312-macosx_10_9_x86_64.whl", hash = "sha256:11996c40c32abf843ba652a6d53cb15944c88d91f91fc4e6f0028f5df8a8f8a1", size = 3141274 },
    { url = "https://files.pythonhosted.org/packages/87/e5/76379edb21fd5bb9e2aaa1d305492bc35bba96dfb51f5d96867d9863b6df/Cython-3.0.11-cp312-cp312-manylinux_2_17_aarch64.manylinux2014_aarch64.whl", hash = "sha256:63f2c892e9f9c1698ecfee78205541623eb31cd3a1b682668be7ac12de94aa8e", size = 3340904 },
    { url = "https://files.pythonhosted.org/packages/9a/ef/44af6aded89444dc45f4466ff207a05d3376c641cf1146c03fd14c55ae64/Cython-3.0.11-cp312-cp312-manylinux_2_17_x86_64.manylinux2014_x86_64.whl", hash = "sha256:8b14c24f1dc4c4c9d997cca8d1b7fb01187a218aab932328247dcf5694a10102", size = 3514052 },
    { url = "https://files.pythonhosted.org/packages/e0/d5/ef8c7b6aa7a83c508f5c3bf0dfb9eb0a2a9be910c0b1f205f842128269c3/Cython-3.0.11-cp312-cp312-manylinux_2_5_i686.manylinux1_i686.manylinux_2_17_i686.manylinux2014_i686.whl", hash = "sha256:c8eed5c015685106db15dd103fd040948ddca9197b1dd02222711815ea782a27", size = 3573721 },
    { url = "https://files.pythonhosted.org/packages/e5/4a/58d6c208563504a35febff94904bb291b368a8b0f28a5e0593c770967caa/Cython-3.0.11-cp312-cp312-musllinux_1_2_aarch64.whl", hash = "sha256:780f89c95b8aec1e403005b3bf2f0a2afa060b3eba168c86830f079339adad89", size = 3393594 },
    { url = "https://files.pythonhosted.org/packages/a0/92/a60a400be286dc661609da9db903680bba1423362000b689cf8ef0aec811/Cython-3.0.11-cp312-cp312-musllinux_1_2_x86_64.whl", hash = "sha256:a690f2ff460682ea985e8d38ec541be97e0977fa0544aadc21efc116ff8d7579", size = 3601319 },
    { url = "https://files.pythonhosted.org/packages/ac/11/f02fc24d1a071b93e1d07497b0a528687b1f93bb4945c635119480fab3c0/Cython-3.0.11-cp312-cp312-win32.whl", hash = "sha256:2252b5aa57621848e310fe7fa6f7dce5f73aa452884a183d201a8bcebfa05a00", size = 2608335 },
    { url = "https://files.pythonhosted.org/packages/35/00/78ffea3a0ab176267a25ff049518b2582db7ac265bbf27944243d1a81ce2/Cython-3.0.11-cp312-cp312-win_amd64.whl", hash = "sha256:da394654c6da15c1d37f0b7ec5afd325c69a15ceafee2afba14b67a5df8a82c8", size = 2792586 },
    { url = "https://files.pythonhosted.org/packages/eb/19/1d7164b724f62b67c59aa3531a2be8ed1a0c7e4e80afcc6502d8409c4ee3/Cython-3.0.11-cp313-cp313-macosx_10_13_x86_64.whl", hash = "sha256:4341d6a64d47112884e0bcf31e6c075268220ee4cd02223047182d4dda94d637", size = 3134881 },
    { url = "https://files.pythonhosted.org/packages/0a/d7/8d834d7ec4b6e55db857f44e328246d40cb527917040fabf3c48d27609b3/Cython-3.0.11-cp313-cp313-manylinux_2_17_aarch64.manylinux2014_aarch64.whl", hash = "sha256:351955559b37e6c98b48aecb178894c311be9d731b297782f2b78d111f0c9015", size = 3330582 },
    { url = "https://files.pythonhosted.org/packages/1c/ae/d520f3cd94a8926bc47275a968e51bbc669a28f27a058cdfc5c3081fbbf7/Cython-3.0.11-cp313-cp313-manylinux_2_17_x86_64.manylinux2014_x86_64.whl", hash = "sha256:9c02361af9bfa10ff1ccf967fc75159e56b1c8093caf565739ed77a559c1f29f", size = 3503750 },
    { url = "https://files.pythonhosted.org/packages/6e/e4/45c556f4a6d40b6938368d420d3c985bbef9088b7d4a8d8c6648d50e4a94/Cython-3.0.11-cp313-cp313-manylinux_2_5_i686.manylinux1_i686.manylinux_2_17_i686.manylinux2014_i686.whl", hash = "sha256:6823aef13669a32caf18bbb036de56065c485d9f558551a9b55061acf9c4c27f", size = 3566498 },
    { url = "https://files.pythonhosted.org/packages/ce/2d/544f6aa3cab31b99ddb07e7eaaaca6a43db52fe0dc59090195c48fc0b033/Cython-3.0.11-cp313-cp313-musllinux_1_2_aarch64.whl", hash = "sha256:6fb68cef33684f8cc97987bee6ae919eee7e18ee6a3ad7ed9516b8386ef95ae6", size = 3389063 },
    { url = "https://files.pythonhosted.org/packages/55/1a/9d871cc1514df273cd2ccfe3efe5ff1df509ce11768c02a834052709f152/Cython-3.0.11-cp313-cp313-musllinux_1_2_x86_64.whl", hash = "sha256:790263b74432cb997740d73665f4d8d00b9cd1cecbdd981d93591ddf993d4f12", size = 3596353 },
    { url = "https://files.pythonhosted.org/packages/47/4e/4db412f595de4b2224a81ea5332ce107ce3e93bf87275c78648f2e3e37b8/Cython-3.0.11-cp313-cp313-win32.whl", hash = "sha256:e6dd395d1a704e34a9fac00b25f0036dce6654c6b898be6f872ac2bb4f2eda48", size = 2602768 },
    { url = "https://files.pythonhosted.org/packages/e7/91/8a29e1bce2f8a893a4c24874943b64e8ede14fac9990bd4a3f13a46c2720/Cython-3.0.11-cp313-cp313-win_amd64.whl", hash = "sha256:52186101d51497519e99b60d955fd5cb3bf747c67f00d742e70ab913f1e42d31", size = 2784414 },
    { url = "https://files.pythonhosted.org/packages/43/39/bdbec9142bc46605b54d674bf158a78b191c2b75be527c6dcf3e6dfe90b8/Cython-3.0.11-py2.py3-none-any.whl", hash = "sha256:0e25f6425ad4a700d7f77cd468da9161e63658837d1bc34861a9861a4ef6346d", size = 1171267 },
]

[[package]]
name = "cython-test"
version = "0.1.0"
source = { editable = "." }
dependencies = [
    { name = "cython" },
    { name = "numpy" },
    { name = "setuptools" },
    { name = "wheel" },
]

[package.metadata]
requires-dist = [
    { name = "cython", specifier = ">=3.0.11" },
    { name = "numpy", specifier = ">=2.2.1" },
    { name = "setuptools", specifier = ">=75.6.0" },
    { name = "wheel", specifier = ">=0.45.1" },
]

[[package]]
name = "numpy"
version = "2.2.1"
source = { registry = "https://pypi.org/simple" }
sdist = { url = "https://files.pythonhosted.org/packages/f2/a5/fdbf6a7871703df6160b5cf3dd774074b086d278172285c52c2758b76305/numpy-2.2.1.tar.gz", hash = "sha256:45681fd7128c8ad1c379f0ca0776a8b0c6583d2f69889ddac01559dfe4390918", size = 20227662 }
wheels = [
    { url = "https://files.pythonhosted.org/packages/62/12/b928871c570d4a87ab13d2cc19f8817f17e340d5481621930e76b80ffb7d/numpy-2.2.1-cp312-cp312-macosx_10_13_x86_64.whl", hash = "sha256:694f9e921a0c8f252980e85bce61ebbd07ed2b7d4fa72d0e4246f2f8aa6642ab", size = 20909861 },
    { url = "https://files.pythonhosted.org/packages/3d/c3/59df91ae1d8ad7c5e03efd63fd785dec62d96b0fe56d1f9ab600b55009af/numpy-2.2.1-cp312-cp312-macosx_11_0_arm64.whl", hash = "sha256:3683a8d166f2692664262fd4900f207791d005fb088d7fdb973cc8d663626faa", size = 14095776 },
    { url = "https://files.pythonhosted.org/packages/af/4e/8ed5868efc8e601fb69419644a280e9c482b75691466b73bfaab7d86922c/numpy-2.2.1-cp312-cp312-macosx_14_0_arm64.whl", hash = "sha256:780077d95eafc2ccc3ced969db22377b3864e5b9a0ea5eb347cc93b3ea900315", size = 5126239 },
    { url = "https://files.pythonhosted.org/packages/1a/74/dd0bbe650d7bc0014b051f092f2de65e34a8155aabb1287698919d124d7f/numpy-2.2.1-cp312-cp312-macosx_14_0_x86_64.whl", hash = "sha256:55ba24ebe208344aa7a00e4482f65742969a039c2acfcb910bc6fcd776eb4355", size = 6659296 },
    { url = "https://files.pythonhosted.org/packages/7f/11/4ebd7a3f4a655764dc98481f97bd0a662fb340d1001be6050606be13e162/numpy-2.2.1-cp312-cp312-manylinux_2_17_aarch64.manylinux2014_aarch64.whl", hash = "sha256:9b1d07b53b78bf84a96898c1bc139ad7f10fda7423f5fd158fd0f47ec5e01ac7", size = 14047121 },
    { url = "https://files.pythonhosted.org/packages/7f/a7/c1f1d978166eb6b98ad009503e4d93a8c1962d0eb14a885c352ee0276a54/numpy-2.2.1-cp312-cp312-manylinux_2_17_x86_64.manylinux2014_x86_64.whl", hash = "sha256:5062dc1a4e32a10dc2b8b13cedd58988261416e811c1dc4dbdea4f57eea61b0d", size = 16096599 },
    { url = "https://files.pythonhosted.org/packages/3d/6d/0e22afd5fcbb4d8d0091f3f46bf4e8906399c458d4293da23292c0ba5022/numpy-2.2.1-cp312-cp312-musllinux_1_2_aarch64.whl", hash = "sha256:fce4f615f8ca31b2e61aa0eb5865a21e14f5629515c9151850aa936c02a1ee51", size = 15243932 },
    { url = "https://files.pythonhosted.org/packages/03/39/e4e5832820131ba424092b9610d996b37e5557180f8e2d6aebb05c31ae54/numpy-2.2.1-cp312-cp312-musllinux_1_2_x86_64.whl", hash = "sha256:67d4cda6fa6ffa073b08c8372aa5fa767ceb10c9a0587c707505a6d426f4e046", size = 17861032 },
    { url = "https://files.pythonhosted.org/packages/5f/8a/3794313acbf5e70df2d5c7d2aba8718676f8d054a05abe59e48417fb2981/numpy-2.2.1-cp312-cp312-win32.whl", hash = "sha256:32cb94448be47c500d2c7a95f93e2f21a01f1fd05dd2beea1ccd049bb6001cd2", size = 6274018 },
    { url = "https://files.pythonhosted.org/packages/17/c1/c31d3637f2641e25c7a19adf2ae822fdaf4ddd198b05d79a92a9ce7cb63e/numpy-2.2.1-cp312-cp312-win_amd64.whl", hash = "sha256:ba5511d8f31c033a5fcbda22dd5c813630af98c70b2661f2d2c654ae3cdfcfc8", size = 12613843 },
    { url = "https://files.pythonhosted.org/packages/20/d6/91a26e671c396e0c10e327b763485ee295f5a5a7a48c553f18417e5a0ed5/numpy-2.2.1-cp313-cp313-macosx_10_13_x86_64.whl", hash = "sha256:f1d09e520217618e76396377c81fba6f290d5f926f50c35f3a5f72b01a0da780", size = 20896464 },
    { url = "https://files.pythonhosted.org/packages/8c/40/5792ccccd91d45e87d9e00033abc4f6ca8a828467b193f711139ff1f1cd9/numpy-2.2.1-cp313-cp313-macosx_11_0_arm64.whl", hash = "sha256:3ecc47cd7f6ea0336042be87d9e7da378e5c7e9b3c8ad0f7c966f714fc10d821", size = 14111350 },
    { url = "https://files.pythonhosted.org/packages/c0/2a/fb0a27f846cb857cef0c4c92bef89f133a3a1abb4e16bba1c4dace2e9b49/numpy-2.2.1-cp313-cp313-macosx_14_0_arm64.whl", hash = "sha256:f419290bc8968a46c4933158c91a0012b7a99bb2e465d5ef5293879742f8797e", size = 5111629 },
    { url = "https://files.pythonhosted.org/packages/eb/e5/8e81bb9d84db88b047baf4e8b681a3e48d6390bc4d4e4453eca428ecbb49/numpy-2.2.1-cp313-cp313-macosx_14_0_x86_64.whl", hash = "sha256:5b6c390bfaef8c45a260554888966618328d30e72173697e5cabe6b285fb2348", size = 6645865 },
    { url = "https://files.pythonhosted.org/packages/7a/1a/a90ceb191dd2f9e2897c69dde93ccc2d57dd21ce2acbd7b0333e8eea4e8d/numpy-2.2.1-cp313-cp313-manylinux_2_17_aarch64.manylinux2014_aarch64.whl", hash = "sha256:526fc406ab991a340744aad7e25251dd47a6720a685fa3331e5c59fef5282a59", size = 14043508 },
    { url = "https://files.pythonhosted.org/packages/f1/5a/e572284c86a59dec0871a49cd4e5351e20b9c751399d5f1d79628c0542cb/numpy-2.2.1-cp313-cp313-manylinux_2_17_x86_64.manylinux2014_x86_64.whl", hash = "sha256:f74e6fdeb9a265624ec3a3918430205dff1df7e95a230779746a6af78bc615af", size = 16094100 },
    { url = "https://files.pythonhosted.org/packages/0c/2c/a79d24f364788386d85899dd280a94f30b0950be4b4a545f4fa4ed1d4ca7/numpy-2.2.1-cp313-cp313-musllinux_1_2_aarch64.whl", hash = "sha256:53c09385ff0b72ba79d8715683c1168c12e0b6e84fb0372e97553d1ea91efe51", size = 15239691 },
    { url = "https://files.pythonhosted.org/packages/cf/79/1e20fd1c9ce5a932111f964b544facc5bb9bde7865f5b42f00b4a6a9192b/numpy-2.2.1-cp313-cp313-musllinux_1_2_x86_64.whl", hash = "sha256:f3eac17d9ec51be534685ba877b6ab5edc3ab7ec95c8f163e5d7b39859524716", size = 17856571 },
    { url = "https://files.pythonhosted.org/packages/be/5b/cc155e107f75d694f562bdc84a26cc930569f3dfdfbccb3420b626065777/numpy-2.2.1-cp313-cp313-win32.whl", hash = "sha256:9ad014faa93dbb52c80d8f4d3dcf855865c876c9660cb9bd7553843dd03a4b1e", size = 6270841 },
    { url = "https://files.pythonhosted.org/packages/44/be/0e5cd009d2162e4138d79a5afb3b5d2341f0fe4777ab6e675aa3d4a42e21/numpy-2.2.1-cp313-cp313-win_amd64.whl", hash = "sha256:164a829b6aacf79ca47ba4814b130c4020b202522a93d7bff2202bfb33b61c60", size = 12606618 },
    { url = "https://files.pythonhosted.org/packages/a8/87/04ddf02dd86fb17c7485a5f87b605c4437966d53de1e3745d450343a6f56/numpy-2.2.1-cp313-cp313t-macosx_10_13_x86_64.whl", hash = "sha256:4dfda918a13cc4f81e9118dea249e192ab167a0bb1966272d5503e39234d694e", size = 20921004 },
    { url = "https://files.pythonhosted.org/packages/6e/3e/d0e9e32ab14005425d180ef950badf31b862f3839c5b927796648b11f88a/numpy-2.2.1-cp313-cp313t-macosx_11_0_arm64.whl", hash = "sha256:733585f9f4b62e9b3528dd1070ec4f52b8acf64215b60a845fa13ebd73cd0712", size = 14119910 },
    { url = "https://files.pythonhosted.org/packages/b5/5b/aa2d1905b04a8fb681e08742bb79a7bddfc160c7ce8e1ff6d5c821be0236/numpy-2.2.1-cp313-cp313t-macosx_14_0_arm64.whl", hash = "sha256:89b16a18e7bba224ce5114db863e7029803c179979e1af6ad6a6b11f70545008", size = 5153612 },
    { url = "https://files.pythonhosted.org/packages/ce/35/6831808028df0648d9b43c5df7e1051129aa0d562525bacb70019c5f5030/numpy-2.2.1-cp313-cp313t-macosx_14_0_x86_64.whl", hash = "sha256:676f4eebf6b2d430300f1f4f4c2461685f8269f94c89698d832cdf9277f30b84", size = 6668401 },
    { url = "https://files.pythonhosted.org/packages/b1/38/10ef509ad63a5946cc042f98d838daebfe7eaf45b9daaf13df2086b15ff9/numpy-2.2.1-cp313-cp313t-manylinux_2_17_aarch64.manylinux2014_aarch64.whl", hash = "sha256:27f5cdf9f493b35f7e41e8368e7d7b4bbafaf9660cba53fb21d2cd174ec09631", size = 14014198 },
    { url = "https://files.pythonhosted.org/packages/df/f8/c80968ae01df23e249ee0a4487fae55a4c0fe2f838dfe9cc907aa8aea0fa/numpy-2.2.1-cp313-cp313t-manylinux_2_17_x86_64.manylinux2014_x86_64.whl", hash = "sha256:c1ad395cf254c4fbb5b2132fee391f361a6e8c1adbd28f2cd8e79308a615fe9d", size = 16076211 },
    { url = "https://files.pythonhosted.org/packages/09/69/05c169376016a0b614b432967ac46ff14269eaffab80040ec03ae1ae8e2c/numpy-2.2.1-cp313-cp313t-musllinux_1_2_aarch64.whl", hash = "sha256:08ef779aed40dbc52729d6ffe7dd51df85796a702afbf68a4f4e41fafdc8bda5", size = 15220266 },
    { url = "https://files.pythonhosted.org/packages/f1/ff/94a4ce67ea909f41cf7ea712aebbe832dc67decad22944a1020bb398a5ee/numpy-2.2.1-cp313-cp313t-musllinux_1_2_x86_64.whl", hash = "sha256:26c9c4382b19fcfbbed3238a14abf7ff223890ea1936b8890f058e7ba35e8d71", size = 17852844 },
    { url = "https://files.pythonhosted.org/packages/46/72/8a5dbce4020dfc595592333ef2fbb0a187d084ca243b67766d29d03e0096/numpy-2.2.1-cp313-cp313t-win32.whl", hash = "sha256:93cf4e045bae74c90ca833cba583c14b62cb4ba2cba0abd2b141ab52548247e2", size = 6326007 },
    { url = "https://files.pythonhosted.org/packages/7b/9c/4fce9cf39dde2562584e4cfd351a0140240f82c0e3569ce25a250f47037d/numpy-2.2.1-cp313-cp313t-win_amd64.whl", hash = "sha256:bff7d8ec20f5f42607599f9994770fa65d76edca264a87b5e4ea5629bce12268", size = 12693107 },
]

[[package]]
name = "setuptools"
version = "75.6.0"
source = { registry = "https://pypi.org/simple" }
sdist = { url = "https://files.pythonhosted.org/packages/43/54/292f26c208734e9a7f067aea4a7e282c080750c4546559b58e2e45413ca0/setuptools-75.6.0.tar.gz", hash = "sha256:8199222558df7c86216af4f84c30e9b34a61d8ba19366cc914424cdbd28252f6", size = 1337429 }
wheels = [
    { url = "https://files.pythonhosted.org/packages/55/21/47d163f615df1d30c094f6c8bbb353619274edccf0327b185cc2493c2c33/setuptools-75.6.0-py3-none-any.whl", hash = "sha256:ce74b49e8f7110f9bf04883b730f4765b774ef3ef28f722cce7c273d253aaf7d", size = 1224032 },
]

[[package]]
name = "wheel"
version = "0.45.1"
source = { registry = "https://pypi.org/simple" }
sdist = { url = "https://files.pythonhosted.org/packages/8a/98/2d9906746cdc6a6ef809ae6338005b3f21bb568bea3165cfc6a243fdc25c/wheel-0.45.1.tar.gz", hash = "sha256:661e1abd9198507b1409a20c02106d9670b2576e916d58f520316666abca6729", size = 107545 }
wheels = [
    { url = "https://files.pythonhosted.org/packages/0b/2c/87f3254fd8ffd29e4c02732eee68a83a1d3c346ae39bc6822dcbcb697f2b/wheel-0.45.1-py3-none-any.whl", hash = "sha256:708e7481cc80179af0e556bbf0cc00b8444c7321e2700b8d8580231d13017248", size = 72494 },
]
